# requirements.lock — exact pinned versions for reproducible production builds
#
# Generated by pip-compile from requirements.txt
# Regenerate with: pip-compile requirements.txt --output-file requirements.lock --strip-extras
#
# Usage:
#   pip install -r requirements.lock   # exact reproducible install
#   pip install -r requirements.txt    # flexible install (development)
#
# Do NOT edit manually. Regenerate when upgrading dependencies.
absl-py==2.4.0
    # via tensorboard
aiodns==4.0.0
    # via ccxt
aiofiles==25.1.0
    # via -r requirements.txt
aiohappyeyeballs==2.6.1
    # via aiohttp
aiohttp==3.13.5
    # via
    #   -r requirements.txt
    #   ccxt
    #   kubernetes-asyncio
aiosignal==1.4.0
    # via aiohttp
aiosqlite==0.22.1
    # via -r requirements.txt
alembic==1.18.4
    # via
    #   -r requirements.txt
    #   optuna
annotated-doc==0.0.4
    # via
    #   fastapi
    #   typer
annotated-types==0.7.0
    # via pydantic
anyio==4.13.0
    # via
    #   httpx
    #   openai
    #   starlette
    #   watchfiles
asgiref==3.11.1
    # via opentelemetry-instrumentation-asgi
asyncpg==0.31.0
    # via -r requirements.txt
attrs==26.1.0
    # via
    #   aiohttp
    #   jsonschema
    #   referencing
base58==2.1.1
    # via hdwallet
bcrypt==5.0.0
    # via
    #   -r requirements.txt
    #   chromadb
beautifulsoup4==4.14.3
    # via yfinance
build==1.4.2
    # via chromadb
ccxt==4.5.47
    # via -r requirements.txt
certifi==2026.2.25
    # via
    #   ccxt
    #   curl-cffi
    #   httpcore
    #   httpx
    #   kubernetes
    #   kubernetes-asyncio
    #   requests
    #   sentry-sdk
cffi==2.0.0
    # via
    #   cryptography
    #   curl-cffi
    #   pycares
charset-normalizer==3.4.7
    # via
    #   reportlab
    #   requests
chromadb==1.5.6
    # via -r requirements.txt
circuitbreaker==2.1.3
    # via -r requirements.txt
clamd==1.0.2
    # via -r requirements.txt
click==8.3.2
    # via
    #   nltk
    #   typer
    #   uvicorn
cloudpickle==3.1.2
    # via
    #   gymnasium
    #   shap
    #   stable-baselines3
coincurve==21.0.0
    # via ccxt
colorlog==6.10.1
    # via optuna
contourpy==1.3.3
    # via matplotlib
cross-web==0.4.1
    # via strawberry-graphql
cryptography==46.0.6
    # via
    #   -r requirements.txt
    #   ccxt
    #   secretstorage
    #   sendgrid
cuda-bindings==13.2.0
    # via torch
cuda-pathfinder==1.5.2
    # via cuda-bindings
cuda-toolkit[cublas,cudart,cufft,cufile,cupti,curand,cusolver,cusparse,nvjitlink,nvrtc,nvtx]==13.0.2
    # via torch
curl-cffi==0.15.0
    # via
    #   -r requirements.txt
    #   yfinance
cycler==0.12.1
    # via matplotlib
deprecated==1.3.1
    # via limits
distro==1.9.0
    # via openai
dnspython==2.8.0
    # via email-validator
durationpy==0.10
    # via kubernetes
ecdsa==0.19.2
    # via hdwallet
email-validator==2.3.0
    # via
    #   -r requirements.txt
    #   pydantic
eventkit==1.0.3
    # via ib-insync
farama-notifications==0.0.4
    # via gymnasium
fastapi==0.135.3
    # via
    #   -r requirements.txt
    #   sentry-sdk
    #   strawberry-graphql
feedparser==6.0.12
    # via -r requirements.txt
fernet==1.0.1
    # via -r requirements.txt
filelock==3.25.2
    # via
    #   huggingface-hub
    #   torch
    #   transformers
flatbuffers==25.12.19
    # via onnxruntime
fonttools==4.62.1
    # via matplotlib
frozendict==2.4.7
    # via yfinance
frozenlist==1.8.0
    # via
    #   aiohttp
    #   aiosignal
fsspec==2026.3.0
    # via
    #   huggingface-hub
    #   torch
googleapis-common-protos==1.74.0
    # via
    #   opentelemetry-exporter-otlp-proto-grpc
    #   opentelemetry-exporter-otlp-proto-http
graphql-core==3.2.8
    # via strawberry-graphql
greenlet==3.3.2
    # via sqlalchemy
grpcio==1.80.0
    # via
    #   chromadb
    #   opentelemetry-exporter-otlp-proto-grpc
    #   tensorboard
gymnasium==1.2.3
    # via
    #   -r requirements.txt
    #   stable-baselines3
h11==0.16.0
    # via
    #   httpcore
    #   uvicorn
hdwallet==2.2.1
    # via -r requirements.txt
hf-xet==1.4.3
    # via huggingface-hub
hmmlearn==0.3.3
    # via -r requirements.txt
httpcore==1.0.9
    # via httpx
httptools==0.7.1
    # via uvicorn
httpx==0.28.1
    # via
    #   -r requirements.txt
    #   chromadb
    #   openai
    #   python-telegram-bot
huggingface-hub==0.36.2
    # via
    #   sentence-transformers
    #   tokenizers
    #   transformers
hypothesis==6.151.11
    # via -r requirements.txt
ib-insync==0.9.86
    # via -r requirements.txt
idna==3.11
    # via
    #   anyio
    #   email-validator
    #   httpx
    #   requests
    #   yarl
importlib-metadata==8.7.1
    # via opentelemetry-api
importlib-resources==6.5.2
    # via chromadb
jaraco-classes==3.4.0
    # via keyring
jaraco-context==6.1.2
    # via keyring
jaraco-functools==4.4.0
    # via keyring
jeepney==0.9.0
    # via
    #   keyring
    #   secretstorage
jinja2==3.1.6
    # via
    #   -r requirements.txt
    #   torch
jiter==0.13.0
    # via openai
joblib==1.5.3
    # via
    #   nltk
    #   scikit-learn
jsonschema==4.26.0
    # via chromadb
jsonschema-specifications==2025.9.1
    # via jsonschema
keyring==25.7.0
    # via -r requirements.txt
kiwisolver==1.5.0
    # via matplotlib
kubernetes==35.0.0
    # via
    #   -r requirements.txt
    #   chromadb
kubernetes-asyncio==35.0.1
    # via -r requirements.txt
lightgbm==4.6.0
    # via -r requirements.txt
limits==5.8.0
    # via slowapi
llvmlite==0.44.0
    # via
    #   numba
    #   shap
lz4==4.4.5
    # via -r requirements.txt
mako==1.3.10
    # via alembic
markdown==3.10.2
    # via tensorboard
markdown-it-py==4.0.0
    # via rich
markupsafe==3.0.3
    # via
    #   jinja2
    #   mako
    #   werkzeug
matplotlib==3.10.8
    # via
    #   -r requirements.txt
    #   seaborn
    #   stable-baselines3
mdurl==0.1.2
    # via markdown-it-py
mmh3==5.2.1
    # via chromadb
mnemonic==0.21
    # via hdwallet
more-itertools==11.0.1
    # via
    #   jaraco-classes
    #   jaraco-functools
mpmath==1.3.0
    # via sympy
msgpack==1.1.2
    # via -r requirements.txt
multidict==6.7.1
    # via
    #   aiohttp
    #   yarl
multitasking==0.0.12
    # via yfinance
narwhals==2.19.0
    # via plotly
nest-asyncio==1.6.0
    # via ib-insync
networkx==3.6.1
    # via torch
nltk==3.9.4
    # via textblob
numba==0.61.2
    # via
    #   -r requirements.txt
    #   pandas-ta
    #   shap
numpy==2.2.6
    # via
    #   -r requirements.txt
    #   chromadb
    #   contourpy
    #   eventkit
    #   gymnasium
    #   hmmlearn
    #   lightgbm
    #   matplotlib
    #   numba
    #   onnxruntime
    #   optuna
    #   pandas
    #   pandas-ta
    #   patsy
    #   scikit-learn
    #   scipy
    #   seaborn
    #   shap
    #   stable-baselines3
    #   statsmodels
    #   ta
    #   tensorboard
    #   transformers
    #   xgboost
    #   yfinance
nvidia-cublas==13.1.0.3
    # via
    #   cuda-toolkit
    #   nvidia-cudnn-cu13
    #   nvidia-cusolver
nvidia-cuda-cupti==13.0.85
    # via cuda-toolkit
nvidia-cuda-nvrtc==13.0.88
    # via cuda-toolkit
nvidia-cuda-runtime==13.0.96
    # via cuda-toolkit
nvidia-cudnn-cu13==9.19.0.56
    # via torch
nvidia-cufft==12.0.0.61
    # via cuda-toolkit
nvidia-cufile==1.15.1.6
    # via cuda-toolkit
nvidia-curand==10.4.0.35
    # via cuda-toolkit
nvidia-cusolver==12.0.4.66
    # via cuda-toolkit
nvidia-cusparse==12.6.3.3
    # via
    #   cuda-toolkit
    #   nvidia-cusolver
nvidia-cusparselt-cu13==0.8.0
    # via torch
nvidia-nccl-cu12==2.29.7
    # via xgboost
nvidia-nccl-cu13==2.28.9
    # via torch
nvidia-nvjitlink==13.0.88
    # via
    #   cuda-toolkit
    #   nvidia-cufft
    #   nvidia-cusolver
    #   nvidia-cusparse
nvidia-nvshmem-cu13==3.4.5
    # via torch
nvidia-nvtx==13.0.85
    # via cuda-toolkit
oauthlib==3.3.1
    # via requests-oauthlib
onnxruntime==1.24.4
    # via chromadb
openai==2.30.0
    # via -r requirements.txt
opentelemetry-api==1.40.0
    # via
    #   -r requirements.txt
    #   chromadb
    #   opentelemetry-exporter-otlp-proto-grpc
    #   opentelemetry-exporter-otlp-proto-http
    #   opentelemetry-instrumentation
    #   opentelemetry-instrumentation-aiohttp-client
    #   opentelemetry-instrumentation-asgi
    #   opentelemetry-instrumentation-fastapi
    #   opentelemetry-instrumentation-redis
    #   opentelemetry-instrumentation-sqlalchemy
    #   opentelemetry-propagator-b3
    #   opentelemetry-sdk
    #   opentelemetry-semantic-conventions
opentelemetry-exporter-otlp-proto-common==1.40.0
    # via
    #   opentelemetry-exporter-otlp-proto-grpc
    #   opentelemetry-exporter-otlp-proto-http
opentelemetry-exporter-otlp-proto-grpc==1.40.0
    # via
    #   -r requirements.txt
    #   chromadb
opentelemetry-exporter-otlp-proto-http==1.40.0
    # via -r requirements.txt
opentelemetry-instrumentation==0.61b0
    # via
    #   opentelemetry-instrumentation-aiohttp-client
    #   opentelemetry-instrumentation-asgi
    #   opentelemetry-instrumentation-fastapi
    #   opentelemetry-instrumentation-redis
    #   opentelemetry-instrumentation-sqlalchemy
opentelemetry-instrumentation-aiohttp-client==0.61b0
    # via -r requirements.txt
opentelemetry-instrumentation-asgi==0.61b0
    # via opentelemetry-instrumentation-fastapi
opentelemetry-instrumentation-fastapi==0.61b0
    # via -r requirements.txt
opentelemetry-instrumentation-redis==0.61b0
    # via -r requirements.txt
opentelemetry-instrumentation-sqlalchemy==0.61b0
    # via -r requirements.txt
opentelemetry-propagator-b3==1.40.0
    # via -r requirements.txt
opentelemetry-proto==1.40.0
    # via
    #   opentelemetry-exporter-otlp-proto-common
    #   opentelemetry-exporter-otlp-proto-grpc
    #   opentelemetry-exporter-otlp-proto-http
opentelemetry-sdk==1.40.0
    # via
    #   -r requirements.txt
    #   chromadb
    #   opentelemetry-exporter-otlp-proto-grpc
    #   opentelemetry-exporter-otlp-proto-http
opentelemetry-semantic-conventions==0.61b0
    # via
    #   opentelemetry-instrumentation
    #   opentelemetry-instrumentation-aiohttp-client
    #   opentelemetry-instrumentation-asgi
    #   opentelemetry-instrumentation-fastapi
    #   opentelemetry-instrumentation-redis
    #   opentelemetry-instrumentation-sqlalchemy
    #   opentelemetry-sdk
opentelemetry-util-http==0.61b0
    # via
    #   opentelemetry-instrumentation-aiohttp-client
    #   opentelemetry-instrumentation-asgi
    #   opentelemetry-instrumentation-fastapi
optuna==4.8.0
    # via -r requirements.txt
orjson==3.11.8
    # via chromadb
overrides==7.7.0
    # via chromadb
packaging==26.0
    # via
    #   build
    #   huggingface-hub
    #   limits
    #   matplotlib
    #   onnxruntime
    #   opentelemetry-instrumentation
    #   opentelemetry-instrumentation-sqlalchemy
    #   optuna
    #   plotly
    #   shap
    #   statsmodels
    #   strawberry-graphql
    #   tensorboard
    #   transformers
    #   wheel
pandas==3.0.2
    # via
    #   -r requirements.txt
    #   pandas-ta
    #   seaborn
    #   shap
    #   stable-baselines3
    #   statsmodels
    #   ta
    #   yfinance
pandas-ta==0.4.71b0 ; python_version >= "3.12"
    # via -r requirements.txt
passlib==1.7.4
    # via -r requirements.txt
patsy==1.0.2
    # via statsmodels
peewee==4.0.4
    # via yfinance
pillow==12.2.0
    # via
    #   -r requirements.txt
    #   matplotlib
    #   reportlab
    #   sentence-transformers
    #   tensorboard
platformdirs==4.9.4
    # via yfinance
plotly==6.6.0
    # via -r requirements.txt
prometheus-client==0.24.1
    # via -r requirements.txt
propcache==0.4.1
    # via
    #   aiohttp
    #   yarl
protobuf==6.33.6
    # via
    #   googleapis-common-protos
    #   onnxruntime
    #   opentelemetry-proto
    #   tensorboard
    #   yfinance
psutil==7.2.2
    # via -r requirements.txt
psycopg2-binary==2.9.11
    # via -r requirements.txt
pyaes==1.6.1
    # via fernet
pybase64==1.4.3
    # via chromadb
pycares==5.0.1
    # via aiodns
pycparser==3.0
    # via cffi
pycryptodome==3.23.0
    # via hdwallet
pydantic[email]==2.12.5
    # via
    #   -r requirements.txt
    #   chromadb
    #   fastapi
    #   openai
    #   pydantic-settings
pydantic-core==2.41.5
    # via pydantic
pydantic-settings==2.13.1
    # via
    #   -r requirements.txt
    #   chromadb
pygments==2.20.0
    # via rich
pyjwt==2.12.0
    # via -r requirements.txt
pyotp==2.9.0
    # via -r requirements.txt
pyparsing==3.3.2
    # via matplotlib
pypika==0.51.1
    # via chromadb
pyproject-hooks==1.2.0
    # via build
python-dateutil==2.9.0.post0
    # via
    #   kubernetes
    #   kubernetes-asyncio
    #   matplotlib
    #   pandas
    #   strawberry-graphql
python-dotenv==1.2.2
    # via
    #   -r requirements.txt
    #   pydantic-settings
    #   uvicorn
python-http-client==3.3.7
    # via sendgrid
python-multipart==0.0.24
    # via
    #   -r requirements.txt
    #   strawberry-graphql
python-telegram-bot==22.7
    # via -r requirements.txt
pytimeparse==1.1.8
    # via twelvedata
pytz==2026.1.post1
    # via yfinance
pyyaml==6.0.3
    # via
    #   -r requirements.txt
    #   chromadb
    #   huggingface-hub
    #   kubernetes
    #   kubernetes-asyncio
    #   optuna
    #   transformers
    #   uvicorn
quickfix==1.15.1 ; sys_platform != "win32"
    # via -r requirements.txt
redis==7.4.0
    # via -r requirements.txt
referencing==0.37.0
    # via
    #   jsonschema
    #   jsonschema-specifications
regex==2026.4.4
    # via
    #   nltk
    #   transformers
reportlab==4.4.10
    # via -r requirements.txt
requests==2.33.1
    # via
    #   -r requirements.txt
    #   ccxt
    #   huggingface-hub
    #   kubernetes
    #   opentelemetry-exporter-otlp-proto-http
    #   requests-oauthlib
    #   stripe
    #   transformers
    #   twelvedata
    #   vadersentiment
    #   yfinance
requests-oauthlib==2.0.0
    # via kubernetes
rich==14.3.3
    # via
    #   -r requirements.txt
    #   chromadb
    #   curl-cffi
    #   typer
rpds-py==0.30.0
    # via
    #   jsonschema
    #   referencing
safetensors==0.7.0
    # via transformers
scikit-learn==1.8.0
    # via
    #   -r requirements.txt
    #   hmmlearn
    #   sentence-transformers
    #   shap
scipy==1.17.1
    # via
    #   -r requirements.txt
    #   hmmlearn
    #   lightgbm
    #   scikit-learn
    #   sentence-transformers
    #   shap
    #   statsmodels
    #   xgboost
seaborn==0.13.2
    # via -r requirements.txt
secretstorage==3.5.0
    # via keyring
sendgrid==6.12.5
    # via -r requirements.txt
sentence-transformers==3.4.1
    # via -r requirements.txt
sentry-sdk[fastapi]==2.57.0
    # via -r requirements.txt
sgmllib3k==1.0.0
    # via feedparser
shap==0.51.0
    # via -r requirements.txt
shellingham==1.5.4
    # via typer
simplefix==1.0.17
    # via -r requirements.txt
six==1.17.0
    # via
    #   ecdsa
    #   kubernetes
    #   kubernetes-asyncio
    #   python-dateutil
slicer==0.0.8
    # via shap
slowapi==0.1.9
    # via -r requirements.txt
sniffio==1.3.1
    # via openai
sortedcontainers==2.4.0
    # via hypothesis
soupsieve==2.8.3
    # via beautifulsoup4
sqlalchemy==2.0.49
    # via
    #   -r requirements.txt
    #   alembic
    #   optuna
stable-baselines3==2.8.0
    # via -r requirements.txt
starlette==0.52.1
    # via
    #   -r requirements.txt
    #   fastapi
statsmodels==0.14.6
    # via -r requirements.txt
strawberry-graphql[fastapi]==0.314.0
    # via -r requirements.txt
stripe==15.0.1
    # via -r requirements.txt
structlog==25.5.0
    # via -r requirements.txt
sympy==1.14.0
    # via
    #   onnxruntime
    #   torch
ta==0.11.0
    # via -r requirements.txt
tenacity==9.1.4
    # via chromadb
tensorboard==2.20.0
    # via -r requirements.txt
tensorboard-data-server==0.7.2
    # via tensorboard
textblob==0.20.0
    # via -r requirements.txt
threadpoolctl==3.6.0
    # via scikit-learn
tokenizers==0.22.2
    # via
    #   chromadb
    #   transformers
torch==2.11.0
    # via
    #   sentence-transformers
    #   stable-baselines3
tqdm==4.67.3
    # via
    #   -r requirements.txt
    #   chromadb
    #   huggingface-hub
    #   nltk
    #   openai
    #   optuna
    #   pandas-ta
    #   sentence-transformers
    #   shap
    #   transformers
transformers==4.57.6
    # via sentence-transformers
triton==3.6.0
    # via torch
twelvedata==1.2.28
    # via -r requirements.txt
typer==0.24.1
    # via chromadb
typing-extensions==4.15.0
    # via
    #   aiosignal
    #   alembic
    #   anyio
    #   beautifulsoup4
    #   ccxt
    #   chromadb
    #   cross-web
    #   fastapi
    #   grpcio
    #   gymnasium
    #   huggingface-hub
    #   limits
    #   openai
    #   opentelemetry-api
    #   opentelemetry-exporter-otlp-proto-grpc
    #   opentelemetry-exporter-otlp-proto-http
    #   opentelemetry-propagator-b3
    #   opentelemetry-sdk
    #   opentelemetry-semantic-conventions
    #   pydantic
    #   pydantic-core
    #   referencing
    #   shap
    #   sqlalchemy
    #   starlette
    #   strawberry-graphql
    #   stripe
    #   torch
    #   typing-inspection
typing-inspection==0.4.2
    # via
    #   fastapi
    #   pydantic
    #   pydantic-settings
urllib3==2.6.3
    # via
    #   kubernetes
    #   kubernetes-asyncio
    #   requests
    #   sentry-sdk
uvicorn[standard]==0.44.0
    # via
    #   -r requirements.txt
    #   chromadb
uvloop==0.22.1
    # via uvicorn
vadersentiment==3.3.2
    # via -r requirements.txt
watchfiles==1.1.1
    # via uvicorn
websocket-client==1.9.0
    # via kubernetes
websockets==13.1
    # via
    #   -r requirements.txt
    #   uvicorn
    #   yfinance
werkzeug==3.1.8
    # via
    #   sendgrid
    #   tensorboard
wheel==0.46.3
    # via -r requirements.txt
wrapt==1.17.3
    # via
    #   deprecated
    #   opentelemetry-instrumentation
    #   opentelemetry-instrumentation-aiohttp-client
    #   opentelemetry-instrumentation-redis
    #   opentelemetry-instrumentation-sqlalchemy
xgboost==3.2.0
    # via -r requirements.txt
yara-python==4.5.4
    # via -r requirements.txt
yarl==1.23.0
    # via
    #   aiohttp
    #   ccxt
yfinance==1.2.1
    # via -r requirements.txt
zipp==3.23.0
    # via importlib-metadata

# The following packages are considered to be unsafe in a requirements file:
# pip
# setuptools
